# This file is autogenerated, do not edit; changes may be undone by the next 'dep ensure'.


[[projects]]
  name = "github.com/BurntSushi/toml"
  packages = ["."]
  revision = "3012a1dbe2e4bd1391d42b32f0577cb7bbc7f005"
  version = "v0.3.1"

[[projects]]
  name = "github.com/dropbox/dropbox-sdk-go-unofficial"
  packages = [
    "dropbox",
    "dropbox/async",
    "dropbox/auth",
    "dropbox/file_properties",
    "dropbox/files"
  ]
  revision = "af4558f5e44cef90c2d963e50e76e7dfa46d0c48"
  version = "v5.4.0"

[[projects]]
  name = "github.com/golang/protobuf"
  packages = ["proto"]
  revision = "b5d812f8a3706043e23a9cd5babf2e5423744d30"
  version = "v1.3.1"

[[projects]]
  branch = "master"
  name = "github.com/kolo/xmlrpc"
  packages = ["."]
  revision = "16bdd962781df9696f40cc2bab924f1a855a7f89"

[[projects]]
  name = "github.com/milanaleksic/minimal_consul_member"
  packages = ["."]
  revision = "d210ecea475782e183cd0dc6adcc07a94efb18a5"
  version = "0.0.2"

[[projects]]
  branch = "master"
  name = "golang.org/x/net"
  packages = [
    "context",
    "context/ctxhttp"
  ]
  revision = "eb5bcb51f2a31c7d5141d810b70815c05d9c9146"

[[projects]]
  branch = "master"
  name = "golang.org/x/oauth2"
  packages = [
    ".",
    "internal"
  ]
  revision = "9f3314589c9a9136388751d9adae6b0ed400978a"

[[projects]]
  name = "google.golang.org/appengine"
  packages = [
    "internal",
    "internal/base",
    "internal/datastore",
    "internal/log",
    "internal/remote_api",
    "internal/urlfetch",
    "urlfetch"
  ]
  revision = "54a98f90d1c46b7731eb8fb305d2a321c30ef610"
  version = "v1.5.0"

[solve-meta]
  analyzer-name = "dep"
  analyzer-version = 1
  inputs-digest = "e16583d3684dfca8a76ac691b9fdab4e8d8ff3f04189b96c8769febca31d21da"
  solver-name = "gps-cdcl"
  solver-version = 1
